
Microsoft Visual Studio Solution File, Format Version 12.00
# Visual Studio Version 17
VisualStudioVersion = 17.14.36408.4 d17.14
MinimumVisualStudioVersion = 10.0.40219.1
Project("{FAE04EC0-301F-11D3-BF4B-00C04F79EFBC}") = "ZombieSurvivalGame", "ZombieSurvivalGame.csproj", "{CC5D8B81-97C7-4793-8A40-FF5B247AE645}"
EndProject
Global
	GlobalSection(SolutionConfigurationPlatforms) = preSolution
		Debug|Any CPU = Debug|Any CPU
		Release|Any CPU = Release|Any CPU
	EndGlobalSection
	GlobalSection(ProjectConfigurationPlatforms) = postSolution
		{CC5D8B81-97C7-4793-8A40-FF5B247AE645}.Debug|Any CPU.ActiveCfg = Debug|Any CPU
		{CC5D8B81-97C7-4793-8A40-FF5B247AE645}.Debug|Any CPU.Build.0 = Debug|Any CPU
		{CC5D8B81-97C7-4793-8A40-FF5B247AE645}.Release|Any CPU.ActiveCfg = Release|Any CPU
		{CC5D8B81-97C7-4793-8A40-FF5B247AE645}.Release|Any CPU.Build.0 = Release|Any CPU
	EndGlobalSection
	GlobalSection(SolutionProperties) = preSolution
		HideSolutionNode = FALSE
	EndGlobalSection
	GlobalSection(ExtensibilityGlobals) = postSolution
		SolutionGuid = {6689C2D6-5BD0-45FF-8E85-AE482E8B14EA}
	EndGlobalSection
EndGlobal
